
Microsoft Visual Studio Solution File, Format Version 12.00
# Visual Studio 15
VisualStudioVersion = 15.0.28307.136
MinimumVisualStudioVersion = 10.0.40219.1
Project("{9A19103F-16F7-4668-BE54-9A1E7A4F7556}") = "CalendarioGerarOrg", "CalendarioGerarOrg\CalendarioGerarOrg.csproj", "{F081DB48-DC0C-46F9-A48B-DBE977C9A00F}"
EndProject
Global
	GlobalSection(SolutionConfigurationPlatforms) = preSolution
		Debug|Any CPU = Debug|Any CPU
		Release|Any CPU = Release|Any CPU
	EndGlobalSection
	GlobalSection(ProjectConfigurationPlatforms) = postSolution
		{F081DB48-DC0C-46F9-A48B-DBE977C9A00F}.Debug|Any CPU.ActiveCfg = Debug|Any CPU
		{F081DB48-DC0C-46F9-A48B-DBE977C9A00F}.Debug|Any CPU.Build.0 = Debug|Any CPU
		{F081DB48-DC0C-46F9-A48B-DBE977C9A00F}.Release|Any CPU.ActiveCfg = Release|Any CPU
		{F081DB48-DC0C-46F9-A48B-DBE977C9A00F}.Release|Any CPU.Build.0 = Release|Any CPU
	EndGlobalSection
	GlobalSection(SolutionProperties) = preSolution
		HideSolutionNode = FALSE
	EndGlobalSection
	GlobalSection(ExtensibilityGlobals) = postSolution
		SolutionGuid = {5748C688-3678-4FD7-8D3B-AEBF6CD5A073}
	EndGlobalSection
	GlobalSection(TeamFoundationVersionControl) = preSolution
		SccNumberOfProjects = 2
		SccEnterpriseProvider = {4CA58AB2-18FA-4F8D-95D4-32DDF27D184C}
		SccTeamFoundationServer = https://sixtech.visualstudio.com/
		SccLocalPath0 = .
		SccProjectUniqueName1 = CalendarioGerarOrg\\CalendarioGerarOrg.csproj
		SccProjectName1 = CalendarioGerarOrg
		SccLocalPath1 = CalendarioGerarOrg
	EndGlobalSection
EndGlobal
